
Microsoft Visual Studio Solution File, Format Version 12.00
# Visual Studio Version 17
VisualStudioVersion = 17.1.32407.343
MinimumVisualStudioVersion = 10.0.40219.1
Project("{FAE04EC0-301F-11D3-BF4B-00C04F79EFBC}") = "TheChallenge", "TheChallenge.csproj", "{1D770E11-FAAC-461C-9EB7-F7233ED1E974}"
EndProject
Global
	GlobalSection(SolutionConfigurationPlatforms) = preSolution
		Debug|Any CPU = Debug|Any CPU
		Release|Any CPU = Release|Any CPU
	EndGlobalSection
	GlobalSection(ProjectConfigurationPlatforms) = postSolution
		{1D770E11-FAAC-461C-9EB7-F7233ED1E974}.Debug|Any CPU.ActiveCfg = Debug|Any CPU
		{1D770E11-FAAC-461C-9EB7-F7233ED1E974}.Debug|Any CPU.Build.0 = Debug|Any CPU
		{1D770E11-FAAC-461C-9EB7-F7233ED1E974}.Release|Any CPU.ActiveCfg = Release|Any CPU
		{1D770E11-FAAC-461C-9EB7-F7233ED1E974}.Release|Any CPU.Build.0 = Release|Any CPU
	EndGlobalSection
	GlobalSection(SolutionProperties) = preSolution
		HideSolutionNode = FALSE
	EndGlobalSection
	GlobalSection(ExtensibilityGlobals) = postSolution
		SolutionGuid = {34ECED3B-914A-4795-9747-49DAE6C668BD}
	EndGlobalSection
EndGlobal
